
Microsoft Visual Studio Solution File, Format Version 12.00
# Visual Studio Version 17
VisualStudioVersion = 17.6.33829.357
MinimumVisualStudioVersion = 10.0.40219.1
Project("{FAE04EC0-301F-11D3-BF4B-00C04F79EFBC}") = "CPChem.Security.JwtValidation.Tests", "CPChem.Security.JwtValidation.Tests\CPChem.Security.JwtValidation.Tests.csproj", "{A777718D-001B-40C4-AC63-C1D34FF2C687}"
EndProject
Global
	GlobalSection(SolutionConfigurationPlatforms) = preSolution
		Debug|Any CPU = Debug|Any CPU
		Release|Any CPU = Release|Any CPU
	EndGlobalSection
	GlobalSection(ProjectConfigurationPlatforms) = postSolution
		{A777718D-001B-40C4-AC63-C1D34FF2C687}.Debug|Any CPU.ActiveCfg = Debug|Any CPU
		{A777718D-001B-40C4-AC63-C1D34FF2C687}.Debug|Any CPU.Build.0 = Debug|Any CPU
		{A777718D-001B-40C4-AC63-C1D34FF2C687}.Release|Any CPU.ActiveCfg = Release|Any CPU
		{A777718D-001B-40C4-AC63-C1D34FF2C687}.Release|Any CPU.Build.0 = Release|Any CPU
	EndGlobalSection
	GlobalSection(SolutionProperties) = preSolution
		HideSolutionNode = FALSE
	EndGlobalSection
	GlobalSection(ExtensibilityGlobals) = postSolution
		SolutionGuid = {9F869B49-0719-4AED-9B5F-E4B7DCDFC16E}
	EndGlobalSection
EndGlobal
